
Microsoft Visual Studio Solution File, Format Version 12.00
# Visual Studio Version 17
VisualStudioVersion = 17.10.34928.147
MinimumVisualStudioVersion = 10.0.40219.1
Project("{2150E333-8FDC-42A3-9474-1A3956D46DE8}") = "docs", "docs", "{81DEDAC9-1111-47AC-BA29-F5F58BFED838}"
EndProject
Project("{2150E333-8FDC-42A3-9474-1A3956D46DE8}") = "apps", "apps", "{4ED78FF7-D5FA-461A-AD1E-8560653DB0C8}"
	ProjectSection(SolutionItems) = preProject
		..\..\docs\CHANGELOG.md = ..\..\docs\CHANGELOG.md
		..\..\README.md = ..\..\README.md
	EndProjectSection
EndProject
Project("{2150E333-8FDC-42A3-9474-1A3956D46DE8}") = "core", "core", "{62D81402-3A93-44AA-841F-F67D87869378}"
EndProject
Project("{2150E333-8FDC-42A3-9474-1A3956D46DE8}") = "tests", "tests", "{1BD09071-2446-4887-8B61-23342DEB52E0}"
EndProject
Project("{FAE04EC0-301F-11D3-BF4B-00C04F79EFBC}") = "Common.Utilities", "..\core\Common.Utilities\Common.Utilities.csproj", "{698EC098-8198-49FE-AE2B-D8AAE4AEBD5C}"
EndProject
Global
	GlobalSection(SolutionConfigurationPlatforms) = preSolution
		Debug|Any CPU = Debug|Any CPU
		Release|Any CPU = Release|Any CPU
	EndGlobalSection
	GlobalSection(ProjectConfigurationPlatforms) = postSolution
		{698EC098-8198-49FE-AE2B-D8AAE4AEBD5C}.Debug|Any CPU.ActiveCfg = Debug|Any CPU
		{698EC098-8198-49FE-AE2B-D8AAE4AEBD5C}.Debug|Any CPU.Build.0 = Debug|Any CPU
		{698EC098-8198-49FE-AE2B-D8AAE4AEBD5C}.Release|Any CPU.ActiveCfg = Release|Any CPU
		{698EC098-8198-49FE-AE2B-D8AAE4AEBD5C}.Release|Any CPU.Build.0 = Release|Any CPU
	EndGlobalSection
	GlobalSection(SolutionProperties) = preSolution
		HideSolutionNode = FALSE
	EndGlobalSection
	GlobalSection(NestedProjects) = preSolution
		{698EC098-8198-49FE-AE2B-D8AAE4AEBD5C} = {62D81402-3A93-44AA-841F-F67D87869378}
	EndGlobalSection
	GlobalSection(ExtensibilityGlobals) = postSolution
		SolutionGuid = {BE45AE6C-937F-4270-ACEE-FD90A71A40EC}
	EndGlobalSection
EndGlobal
